
Microsoft Visual Studio Solution File, Format Version 12.00
# Visual Studio Version 16
VisualStudioVersion = 16.0.31019.35
MinimumVisualStudioVersion = 10.0.40219.1
Project("{9A19103F-16F7-4668-BE54-9A1E7A4F7556}") = "EmailService", "EmailService.csproj", "{01FC3DCC-1AEF-4741-BCF2-EEAAA6D490DF}"
EndProject
Global
	GlobalSection(SolutionConfigurationPlatforms) = preSolution
		Debug|Any CPU = Debug|Any CPU
		Release|Any CPU = Release|Any CPU
	EndGlobalSection
	GlobalSection(ProjectConfigurationPlatforms) = postSolution
		{01FC3DCC-1AEF-4741-BCF2-EEAAA6D490DF}.Debug|Any CPU.ActiveCfg = Debug|Any CPU
		{01FC3DCC-1AEF-4741-BCF2-EEAAA6D490DF}.Debug|Any CPU.Build.0 = Debug|Any CPU
		{01FC3DCC-1AEF-4741-BCF2-EEAAA6D490DF}.Release|Any CPU.ActiveCfg = Release|Any CPU
		{01FC3DCC-1AEF-4741-BCF2-EEAAA6D490DF}.Release|Any CPU.Build.0 = Release|Any CPU
	EndGlobalSection
	GlobalSection(SolutionProperties) = preSolution
		HideSolutionNode = FALSE
	EndGlobalSection
	GlobalSection(ExtensibilityGlobals) = postSolution
		SolutionGuid = {9102C93B-DCFA-43D1-86E2-77E40AAA28C6}
	EndGlobalSection
EndGlobal
